// !$*UTF8*$!
{
	archiveVersion = 1;
	classes = {
	};
	objectVersion = 46;
	objects = {

/* Begin PBXBuildFile section */
		18F803511D1D4C260023D4F8 /* main.m in Sources */ = {isa = PBXBuildFile; fileRef = 18F803501D1D4C260023D4F8 /* main.m */; };
		18F803541D1D4C260023D4F8 /* AppDelegate.m in Sources */ = {isa = PBXBuildFile; fileRef = 18F803531D1D4C260023D4F8 /* AppDelegate.m */; };
		18F803571D1D4C260023D4F8 /* ViewController.m in Sources */ = {isa = PBXBuildFile; fileRef = 18F803561D1D4C260023D4F8 /* ViewController.m */; };
		18F8035A1D1D4C260023D4F8 /* Main.storyboard in Resources */ = {isa = PBXBuildFile; fileRef = 18F803581D1D4C260023D4F8 /* Main.storyboard */; };
		18F8035C1D1D4C260023D4F8 /* Assets.xcassets in Resources */ = {isa = PBXBuildFile; fileRef = 18F8035B1D1D4C260023D4F8 /* Assets.xcassets */; };
		18F8035F1D1D4C260023D4F8 /* LaunchScreen.storyboard in Resources */ = {isa = PBXBuildFile; fileRef = 18F8035D1D1D4C260023D4F8 /* LaunchScreen.storyboard */; };
		18F803691D1D516D0023D4F8 /* PTKClient.m in Sources */ = {isa = PBXBuildFile; fileRef = 18F803681D1D516D0023D4F8 /* PTKClient.m */; };
		18F8036C1D1D54B50023D4F8 /* PTKCard.m in Sources */ = {isa = PBXBuildFile; fileRef = 18F8036B1D1D54B50023D4F8 /* PTKCard.m */; };
/* End PBXBuildFile section */

/* Begin PBXFileReference section */
		18F8034C1D1D4C260023D4F8 /* PayTrek.app */ = {isa = PBXFileReference; explicitFileType = wrapper.application; includeInIndex = 0; path = PayTrek.app; sourceTree = BUILT_PRODUCTS_DIR; };
		18F803501D1D4C260023D4F8 /* main.m */ = {isa = PBXFileReference; lastKnownFileType = sourcecode.c.objc; path = main.m; sourceTree = "<group>"; };
		18F803521D1D4C260023D4F8 /* AppDelegate.h */ = {isa = PBXFileReference; lastKnownFileType = sourcecode.c.h; path = AppDelegate.h; sourceTree = "<group>"; };
		18F803531D1D4C260023D4F8 /* AppDelegate.m */ = {isa = PBXFileReference; lastKnownFileType = sourcecode.c.objc; path = AppDelegate.m; sourceTree = "<group>"; };
		18F803551D1D4C260023D4F8 /* ViewController.h */ = {isa = PBXFileReference; lastKnownFileType = sourcecode.c.h; path = ViewController.h; sourceTree = "<group>"; };
		18F803561D1D4C260023D4F8 /* ViewController.m */ = {isa = PBXFileReference; lastKnownFileType = sourcecode.c.objc; path = ViewController.m; sourceTree = "<group>"; };
		18F803591D1D4C260023D4F8 /* Base */ = {isa = PBXFileReference; lastKnownFileType = file.storyboard; name = Base; path = Base.lproj/Main.storyboard; sourceTree = "<group>"; };
		18F8035B1D1D4C260023D4F8 /* Assets.xcassets */ = {isa = PBXFileReference; lastKnownFileType = folder.assetcatalog; path = Assets.xcassets; sourceTree = "<group>"; };
		18F8035E1D1D4C260023D4F8 /* Base */ = {isa = PBXFileReference; lastKnownFileType = file.storyboard; name = Base; path = Base.lproj/LaunchScreen.storyboard; sourceTree = "<group>"; };
		18F803601D1D4C260023D4F8 /* Info.plist */ = {isa = PBXFileReference; lastKnownFileType = text.plist.xml; path = Info.plist; sourceTree = "<group>"; };
		18F803671D1D516D0023D4F8 /* PTKClient.h */ = {isa = PBXFileReference; fileEncoding = 4; lastKnownFileType = sourcecode.c.h; path = PTKClient.h; sourceTree = "<group>"; };
		18F803681D1D516D0023D4F8 /* PTKClient.m */ = {isa = PBXFileReference; fileEncoding = 4; lastKnownFileType = sourcecode.c.objc; path = PTKClient.m; sourceTree = "<group>"; };
		18F8036A1D1D54B50023D4F8 /* PTKCard.h */ = {isa = PBXFileReference; fileEncoding = 4; lastKnownFileType = sourcecode.c.h; path = PTKCard.h; sourceTree = "<group>"; };
		18F8036B1D1D54B50023D4F8 /* PTKCard.m */ = {isa = PBXFileReference; fileEncoding = 4; lastKnownFileType = sourcecode.c.objc; path = PTKCard.m; sourceTree = "<group>"; };
/* End PBXFileReference section */

/* Begin PBXFrameworksBuildPhase section */
		18F803491D1D4C260023D4F8 /* Frameworks */ = {
			isa = PBXFrameworksBuildPhase;
			buildActionMask = 2147483647;
			files = (
			);
			runOnlyForDeploymentPostprocessing = 0;
		};
/* End PBXFrameworksBuildPhase section */

/* Begin PBXGroup section */
		18F803431D1D4C260023D4F8 = {
			isa = PBXGroup;
			children = (
				18F803661D1D51190023D4F8 /* Libary */,
				18F8034E1D1D4C260023D4F8 /* PayTrek */,
				18F8034D1D1D4C260023D4F8 /* Products */,
			);
			sourceTree = "<group>";
		};
		18F8034D1D1D4C260023D4F8 /* Products */ = {
			isa = PBXGroup;
			children = (
				18F8034C1D1D4C260023D4F8 /* PayTrek.app */,
			);
			name = Products;
			sourceTree = "<group>";
		};
		18F8034E1D1D4C260023D4F8 /* PayTrek */ = {
			isa = PBXGroup;
			children = (
				18F803521D1D4C260023D4F8 /* AppDelegate.h */,
				18F803531D1D4C260023D4F8 /* AppDelegate.m */,
				18F803551D1D4C260023D4F8 /* ViewController.h */,
				18F803561D1D4C260023D4F8 /* ViewController.m */,
				18F803581D1D4C260023D4F8 /* Main.storyboard */,
				18F8035B1D1D4C260023D4F8 /* Assets.xcassets */,
				18F8035D1D1D4C260023D4F8 /* LaunchScreen.storyboard */,
				18F803601D1D4C260023D4F8 /* Info.plist */,
				18F8034F1D1D4C260023D4F8 /* Supporting Files */,
			);
			path = PayTrek;
			sourceTree = "<group>";
		};
		18F8034F1D1D4C260023D4F8 /* Supporting Files */ = {
			isa = PBXGroup;
			children = (
				18F803501D1D4C260023D4F8 /* main.m */,
			);
			name = "Supporting Files";
			sourceTree = "<group>";
		};
		18F803661D1D51190023D4F8 /* Libary */ = {
			isa = PBXGroup;
			children = (
				18F803671D1D516D0023D4F8 /* PTKClient.h */,
				18F803681D1D516D0023D4F8 /* PTKClient.m */,
				18F8036A1D1D54B50023D4F8 /* PTKCard.h */,
				18F8036B1D1D54B50023D4F8 /* PTKCard.m */,
			);
			name = Libary;
			path = PayTrek/Libary;
			sourceTree = "<group>";
		};
/* End PBXGroup section */

/* Begin PBXNativeTarget section */
		18F8034B1D1D4C260023D4F8 /* PayTrek */ = {
			isa = PBXNativeTarget;
			buildConfigurationList = 18F803631D1D4C260023D4F8 /* Build configuration list for PBXNativeTarget "PayTrek" */;
			buildPhases = (
				18F803481D1D4C260023D4F8 /* Sources */,
				18F803491D1D4C260023D4F8 /* Frameworks */,
				18F8034A1D1D4C260023D4F8 /* Resources */,
			);
			buildRules = (
			);
			dependencies = (
			);
			name = PayTrek;
			productName = PayTrek;
			productReference = 18F8034C1D1D4C260023D4F8 /* PayTrek.app */;
			productType = "com.apple.product-type.application";
		};
/* End PBXNativeTarget section */

/* Begin PBXProject section */
		18F803441D1D4C260023D4F8 /* Project object */ = {
			isa = PBXProject;
			attributes = {
				LastUpgradeCheck = 0730;
				ORGANIZATIONNAME = Apple;
				TargetAttributes = {
					18F8034B1D1D4C260023D4F8 = {
						CreatedOnToolsVersion = 7.3.1;
					};
				};
			};
			buildConfigurationList = 18F803471D1D4C260023D4F8 /* Build configuration list for PBXProject "PayTrek" */;
			compatibilityVersion = "Xcode 3.2";
			developmentRegion = English;
			hasScannedForEncodings = 0;
			knownRegions = (
				en,
				Base,
			);
			mainGroup = 18F803431D1D4C260023D4F8;
			productRefGroup = 18F8034D1D1D4C260023D4F8 /* Products */;
			projectDirPath = "";
			projectRoot = "";
			targets = (
				18F8034B1D1D4C260023D4F8 /* PayTrek */,
			);
		};
/* End PBXProject section */

/* Begin PBXResourcesBuildPhase section */
		18F8034A1D1D4C260023D4F8 /* Resources */ = {
			isa = PBXResourcesBuildPhase;
			buildActionMask = 2147483647;
			files = (
				18F8035F1D1D4C260023D4F8 /* LaunchScreen.storyboard in Resources */,
				18F8035C1D1D4C260023D4F8 /* Assets.xcassets in Resources */,
				18F8035A1D1D4C260023D4F8 /* Main.storyboard in Resources */,
			);
			runOnlyForDeploymentPostprocessing = 0;
		};
/* End PBXResourcesBuildPhase section */

/* Begin PBXSourcesBuildPhase section */
		18F803481D1D4C260023D4F8 /* Sources */ = {
			isa = PBXSourcesBuildPhase;
			buildActionMask = 2147483647;
			files = (
				18F8036C1D1D54B50023D4F8 /* PTKCard.m in Sources */,
				18F803691D1D516D0023D4F8 /* PTKClient.m in Sources */,
				18F803571D1D4C260023D4F8 /* ViewController.m in Sources */,
				18F803541D1D4C260023D4F8 /* AppDelegate.m in Sources */,
				18F803511D1D4C260023D4F8 /* main.m in Sources */,
			);
			runOnlyForDeploymentPostprocessing = 0;
		};
/* End PBXSourcesBuildPhase section */

/* Begin PBXVariantGroup section */
		18F803581D1D4C260023D4F8 /* Main.storyboard */ = {
			isa = PBXVariantGroup;
			children = (
				18F803591D1D4C260023D4F8 /* Base */,
			);
			name = Main.storyboard;
			sourceTree = "<group>";
		};
		18F8035D1D1D4C260023D4F8 /* LaunchScreen.storyboard */ = {
			isa = PBXVariantGroup;
			children = (
				18F8035E1D1D4C260023D4F8 /* Base */,
			);
			name = LaunchScreen.storyboard;
			sourceTree = "<group>";
		};
/* End PBXVariantGroup section */

/* Begin XCBuildConfiguration section */
		18F803611D1D4C260023D4F8 /* Debug */ = {
			isa = XCBuildConfiguration;
			buildSettings = {
				ALWAYS_SEARCH_USER_PATHS = NO;
				CLANG_ANALYZER_NONNULL = YES;
				CLANG_CXX_LANGUAGE_STANDARD = "gnu++0x";
				CLANG_CXX_LIBRARY = "libc++";
				CLANG_ENABLE_MODULES = YES;
				CLANG_ENABLE_OBJC_ARC = YES;
				CLANG_WARN_BOOL_CONVERSION = YES;
				CLANG_WARN_CONSTANT_CONVERSION = YES;
				CLANG_WARN_DIRECT_OBJC_ISA_USAGE = YES_ERROR;
				CLANG_WARN_EMPTY_BODY = YES;
				CLANG_WARN_ENUM_CONVERSION = YES;
				CLANG_WARN_INT_CONVERSION = YES;
				CLANG_WARN_OBJC_ROOT_CLASS = YES_ERROR;
				CLANG_WARN_UNREACHABLE_CODE = YES;
				CLANG_WARN__DUPLICATE_METHOD_MATCH = YES;
				"CODE_SIGN_IDENTITY[sdk=iphoneos*]" = "iPhone Developer";
				COPY_PHASE_STRIP = NO;
				DEBUG_INFORMATION_FORMAT = dwarf;
				ENABLE_STRICT_OBJC_MSGSEND = YES;
				ENABLE_TESTABILITY = YES;
				GCC_C_LANGUAGE_STANDARD = gnu99;
				GCC_DYNAMIC_NO_PIC = NO;
				GCC_NO_COMMON_BLOCKS = YES;
				GCC_OPTIMIZATION_LEVEL = 0;
				GCC_PREPROCESSOR_DEFINITIONS = (
					"DEBUG=1",
					"$(inherited)",
				);
				GCC_WARN_64_TO_32_BIT_CONVERSION = YES;
				GCC_WARN_ABOUT_RETURN_TYPE = YES_ERROR;
				GCC_WARN_UNDECLARED_SELECTOR = YES;
				GCC_WARN_UNINITIALIZED_AUTOS = YES_AGGRESSIVE;
				GCC_WARN_UNUSED_FUNCTION = YES;
				GCC_WARN_UNUSED_VARIABLE = YES;
				IPHONEOS_DEPLOYMENT_TARGET = 9.3;
				MTL_ENABLE_DEBUG_INFO = YES;
				ONLY_ACTIVE_ARCH = YES;
				SDKROOT = iphoneos;
			};
			name = Debug;
		};
		18F803621D1D4C260023D4F8 /* Release */ = {
			isa = XCBuildConfiguration;
			buildSettings = {
				ALWAYS_SEARCH_USER_PATHS = NO;
				CLANG_ANALYZER_NONNULL = YES;
				CLANG_CXX_LANGUAGE_STANDARD = "gnu++0x";
				CLANG_CXX_LIBRARY = "libc++";
				CLANG_ENABLE_MODULES = YES;
				CLANG_ENABLE_OBJC_ARC = YES;
				CLANG_WARN_BOOL_CONVERSION = YES;
				CLANG_WARN_CONSTANT_CONVERSION = YES;
				CLANG_WARN_DIRECT_OBJC_ISA_USAGE = YES_ERROR;
				CLANG_WARN_EMPTY_BODY = YES;
				CLANG_WARN_ENUM_CONVERSION = YES;
				CLANG_WARN_INT_CONVERSION = YES;
				CLANG_WARN_OBJC_ROOT_CLASS = YES_ERROR;
				CLANG_WARN_UNREACHABLE_CODE = YES;
				CLANG_WARN__DUPLICATE_METHOD_MATCH = YES;
				"CODE_SIGN_IDENTITY[sdk=iphoneos*]" = "iPhone Developer";
				COPY_PHASE_STRIP = NO;
				DEBUG_INFORMATION_FORMAT = "dwarf-with-dsym";
				ENABLE_NS_ASSERTIONS = NO;
				ENABLE_STRICT_OBJC_MSGSEND = YES;
				GCC_C_LANGUAGE_STANDARD = gnu99;
				GCC_NO_COMMON_BLOCKS = YES;
				GCC_WARN_64_TO_32_BIT_CONVERSION = YES;
				GCC_WARN_ABOUT_RETURN_TYPE = YES_ERROR;
				GCC_WARN_UNDECLARED_SELECTOR = YES;
				GCC_WARN_UNINITIALIZED_AUTOS = YES_AGGRESSIVE;
				GCC_WARN_UNUSED_FUNCTION = YES;
				GCC_WARN_UNUSED_VARIABLE = YES;
				IPHONEOS_DEPLOYMENT_TARGET = 9.3;
				MTL_ENABLE_DEBUG_INFO = NO;
				SDKROOT = iphoneos;
				VALIDATE_PRODUCT = YES;
			};
			name = Release;
		};
		18F803641D1D4C260023D4F8 /* Debug */ = {
			isa = XCBuildConfiguration;
			buildSettings = {
				ASSETCATALOG_COMPILER_APPICON_NAME = AppIcon;
				INFOPLIST_FILE = PayTrek/Info.plist;
				LD_RUNPATH_SEARCH_PATHS = "$(inherited) @executable_path/Frameworks";
				PRODUCT_BUNDLE_IDENTIFIER = com.PayTrek;
				PRODUCT_NAME = "$(TARGET_NAME)";
			};
			name = Debug;
		};
		18F803651D1D4C260023D4F8 /* Release */ = {
			isa = XCBuildConfiguration;
			buildSettings = {
				ASSETCATALOG_COMPILER_APPICON_NAME = AppIcon;
				INFOPLIST_FILE = PayTrek/Info.plist;
				LD_RUNPATH_SEARCH_PATHS = "$(inherited) @executable_path/Frameworks";
				PRODUCT_BUNDLE_IDENTIFIER = com.PayTrek;
				PRODUCT_NAME = "$(TARGET_NAME)";
			};
			name = Release;
		};
/* End XCBuildConfiguration section */

/* Begin XCConfigurationList section */
		18F803471D1D4C260023D4F8 /* Build configuration list for PBXProject "PayTrek" */ = {
			isa = XCConfigurationList;
			buildConfigurations = (
				18F803611D1D4C260023D4F8 /* Debug */,
				18F803621D1D4C260023D4F8 /* Release */,
			);
			defaultConfigurationIsVisible = 0;
			defaultConfigurationName = Release;
		};
		18F803631D1D4C260023D4F8 /* Build configuration list for PBXNativeTarget "PayTrek" */ = {
			isa = XCConfigurationList;
			buildConfigurations = (
				18F803641D1D4C260023D4F8 /* Debug */,
				18F803651D1D4C260023D4F8 /* Release */,
			);
			defaultConfigurationIsVisible = 0;
		};
/* End XCConfigurationList section */
	};
	rootObject = 18F803441D1D4C260023D4F8 /* Project object */;
}
